// !$*UTF8*$!
{
	archiveVersion = 1;
	classes = {
	};
	objectVersion = 55;
	objects = {

/* Begin PBXBuildFile section */
		882AFF3D274D262E00F9F353 /* TableViewCell.swift in Sources */ = {isa = PBXBuildFile; fileRef = 882AFF3C274D262E00F9F353 /* TableViewCell.swift */; };
		8876E74A274D2462006BDD96 /* AppDelegate.swift in Sources */ = {isa = PBXBuildFile; fileRef = 8876E749274D2462006BDD96 /* AppDelegate.swift */; };
		8876E74C274D2462006BDD96 /* SceneDelegate.swift in Sources */ = {isa = PBXBuildFile; fileRef = 8876E74B274D2462006BDD96 /* SceneDelegate.swift */; };
		8876E74E274D2462006BDD96 /* ViewController.swift in Sources */ = {isa = PBXBuildFile; fileRef = 8876E74D274D2462006BDD96 /* ViewController.swift */; };
		8876E751274D2462006BDD96 /* Main.storyboard in Resources */ = {isa = PBXBuildFile; fileRef = 8876E74F274D2462006BDD96 /* Main.storyboard */; };
		8876E753274D2464006BDD96 /* Assets.xcassets in Resources */ = {isa = PBXBuildFile; fileRef = 8876E752274D2464006BDD96 /* Assets.xcassets */; };
		8876E756274D2464006BDD96 /* LaunchScreen.storyboard in Resources */ = {isa = PBXBuildFile; fileRef = 8876E754274D2464006BDD96 /* LaunchScreen.storyboard */; };
/* End PBXBuildFile section */

/* Begin PBXContainerItemProxy section */
		8876E75D274D2465006BDD96 /* PBXContainerItemProxy */ = {
			isa = PBXContainerItemProxy;
			containerPortal = 8876E73E274D2462006BDD96 /* Project object */;
			proxyType = 1;
			remoteGlobalIDString = 8876E745274D2462006BDD96;
			remoteInfo = fileManage;
		};
		8876E767274D2465006BDD96 /* PBXContainerItemProxy */ = {
			isa = PBXContainerItemProxy;
			containerPortal = 8876E73E274D2462006BDD96 /* Project object */;
			proxyType = 1;
			remoteGlobalIDString = 8876E745274D2462006BDD96;
			remoteInfo = fileManage;
		};
/* End PBXContainerItemProxy section */

/* Begin PBXFileReference section */
		882AFF3C274D262E00F9F353 /* TableViewCell.swift */ = {isa = PBXFileReference; lastKnownFileType = sourcecode.swift; path = TableViewCell.swift; sourceTree = "<group>"; };
		8876E746274D2462006BDD96 /* fileManage.app */ = {isa = PBXFileReference; explicitFileType = wrapper.application; includeInIndex = 0; path = fileManage.app; sourceTree = BUILT_PRODUCTS_DIR; };
		8876E749274D2462006BDD96 /* AppDelegate.swift */ = {isa = PBXFileReference; lastKnownFileType = sourcecode.swift; path = AppDelegate.swift; sourceTree = "<group>"; };
		8876E74B274D2462006BDD96 /* SceneDelegate.swift */ = {isa = PBXFileReference; lastKnownFileType = sourcecode.swift; path = SceneDelegate.swift; sourceTree = "<group>"; };
		8876E74D274D2462006BDD96 /* ViewController.swift */ = {isa = PBXFileReference; lastKnownFileType = sourcecode.swift; path = ViewController.swift; sourceTree = "<group>"; };
		8876E750274D2462006BDD96 /* Base */ = {isa = PBXFileReference; lastKnownFileType = file.storyboard; name = Base; path = Base.lproj/Main.storyboard; sourceTree = "<group>"; };
		8876E752274D2464006BDD96 /* Assets.xcassets */ = {isa = PBXFileReference; lastKnownFileType = folder.assetcatalog; path = Assets.xcassets; sourceTree = "<group>"; };
		8876E755274D2464006BDD96 /* Base */ = {isa = PBXFileReference; lastKnownFileType = file.storyboard; name = Base; path = Base.lproj/LaunchScreen.storyboard; sourceTree = "<group>"; };
		8876E757274D2464006BDD96 /* Info.plist */ = {isa = PBXFileReference; lastKnownFileType = text.plist.xml; path = Info.plist; sourceTree = "<group>"; };
		8876E75C274D2465006BDD96 /* fileManageTests.xctest */ = {isa = PBXFileReference; explicitFileType = wrapper.cfbundle; includeInIndex = 0; path = fileManageTests.xctest; sourceTree = BUILT_PRODUCTS_DIR; };
		8876E766274D2465006BDD96 /* fileManageUITests.xctest */ = {isa = PBXFileReference; explicitFileType = wrapper.cfbundle; includeInIndex = 0; path = fileManageUITests.xctest; sourceTree = BUILT_PRODUCTS_DIR; };
/* End PBXFileReference section */

/* Begin PBXFrameworksBuildPhase section */
		8876E743274D2462006BDD96 /* Frameworks */ = {
			isa = PBXFrameworksBuildPhase;
			buildActionMask = 2147483647;
			files = (
			);
			runOnlyForDeploymentPostprocessing = 0;
		};
		8876E759274D2465006BDD96 /* Frameworks */ = {
			isa = PBXFrameworksBuildPhase;
			buildActionMask = 2147483647;
			files = (
			);
			runOnlyForDeploymentPostprocessing = 0;
		};
		8876E763274D2465006BDD96 /* Frameworks */ = {
			isa = PBXFrameworksBuildPhase;
			buildActionMask = 2147483647;
			files = (
			);
			runOnlyForDeploymentPostprocessing = 0;
		};
/* End PBXFrameworksBuildPhase section */

/* Begin PBXGroup section */
		8876E73D274D2462006BDD96 = {
			isa = PBXGroup;
			children = (
				8876E748274D2462006BDD96 /* fileManage */,
				8876E747274D2462006BDD96 /* Products */,
			);
			sourceTree = "<group>";
		};
		8876E747274D2462006BDD96 /* Products */ = {
			isa = PBXGroup;
			children = (
				8876E746274D2462006BDD96 /* fileManage.app */,
				8876E75C274D2465006BDD96 /* fileManageTests.xctest */,
				8876E766274D2465006BDD96 /* fileManageUITests.xctest */,
			);
			name = Products;
			sourceTree = "<group>";
		};
		8876E748274D2462006BDD96 /* fileManage */ = {
			isa = PBXGroup;
			children = (
				8876E749274D2462006BDD96 /* AppDelegate.swift */,
				8876E74B274D2462006BDD96 /* SceneDelegate.swift */,
				8876E74D274D2462006BDD96 /* ViewController.swift */,
				8876E74F274D2462006BDD96 /* Main.storyboard */,
				882AFF3C274D262E00F9F353 /* TableViewCell.swift */,
				8876E752274D2464006BDD96 /* Assets.xcassets */,
				8876E754274D2464006BDD96 /* LaunchScreen.storyboard */,
				8876E757274D2464006BDD96 /* Info.plist */,
			);
			path = fileManage;
			sourceTree = "<group>";
		};
/* End PBXGroup section */

/* Begin PBXNativeTarget section */
		8876E745274D2462006BDD96 /* fileManage */ = {
			isa = PBXNativeTarget;
			buildConfigurationList = 8876E770274D2465006BDD96 /* Build configuration list for PBXNativeTarget "fileManage" */;
			buildPhases = (
				8876E742274D2462006BDD96 /* Sources */,
				8876E743274D2462006BDD96 /* Frameworks */,
				8876E744274D2462006BDD96 /* Resources */,
			);
			buildRules = (
			);
			dependencies = (
			);
			name = fileManage;
			productName = fileManage;
			productReference = 8876E746274D2462006BDD96 /* fileManage.app */;
			productType = "com.apple.product-type.application";
		};
		8876E75B274D2465006BDD96 /* fileManageTests */ = {
			isa = PBXNativeTarget;
			buildConfigurationList = 8876E773274D2465006BDD96 /* Build configuration list for PBXNativeTarget "fileManageTests" */;
			buildPhases = (
				8876E758274D2465006BDD96 /* Sources */,
				8876E759274D2465006BDD96 /* Frameworks */,
				8876E75A274D2465006BDD96 /* Resources */,
			);
			buildRules = (
			);
			dependencies = (
				8876E75E274D2465006BDD96 /* PBXTargetDependency */,
			);
			name = fileManageTests;
			productName = fileManageTests;
			productReference = 8876E75C274D2465006BDD96 /* fileManageTests.xctest */;
			productType = "com.apple.product-type.bundle.unit-test";
		};
		8876E765274D2465006BDD96 /* fileManageUITests */ = {
			isa = PBXNativeTarget;
			buildConfigurationList = 8876E776274D2465006BDD96 /* Build configuration list for PBXNativeTarget "fileManageUITests" */;
			buildPhases = (
				8876E762274D2465006BDD96 /* Sources */,
				8876E763274D2465006BDD96 /* Frameworks */,
				8876E764274D2465006BDD96 /* Resources */,
			);
			buildRules = (
			);
			dependencies = (
				8876E768274D2465006BDD96 /* PBXTargetDependency */,
			);
			name = fileManageUITests;
			productName = fileManageUITests;
			productReference = 8876E766274D2465006BDD96 /* fileManageUITests.xctest */;
			productType = "com.apple.product-type.bundle.ui-testing";
		};
/* End PBXNativeTarget section */

/* Begin PBXProject section */
		8876E73E274D2462006BDD96 /* Project object */ = {
			isa = PBXProject;
			attributes = {
				BuildIndependentTargetsInParallel = 1;
				LastSwiftUpdateCheck = 1310;
				LastUpgradeCheck = 1310;
				TargetAttributes = {
					8876E745274D2462006BDD96 = {
						CreatedOnToolsVersion = 13.1;
					};
					8876E75B274D2465006BDD96 = {
						CreatedOnToolsVersion = 13.1;
						TestTargetID = 8876E745274D2462006BDD96;
					};
					8876E765274D2465006BDD96 = {
						CreatedOnToolsVersion = 13.1;
						TestTargetID = 8876E745274D2462006BDD96;
					};
				};
			};
			buildConfigurationList = 8876E741274D2462006BDD96 /* Build configuration list for PBXProject "fileManage" */;
			compatibilityVersion = "Xcode 13.0";
			developmentRegion = en;
			hasScannedForEncodings = 0;
			knownRegions = (
				en,
				Base,
			);
			mainGroup = 8876E73D274D2462006BDD96;
			productRefGroup = 8876E747274D2462006BDD96 /* Products */;
			projectDirPath = "";
			projectRoot = "";
			targets = (
				8876E745274D2462006BDD96 /* fileManage */,
				8876E75B274D2465006BDD96 /* fileManageTests */,
				8876E765274D2465006BDD96 /* fileManageUITests */,
			);
		};
/* End PBXProject section */

/* Begin PBXResourcesBuildPhase section */
		8876E744274D2462006BDD96 /* Resources */ = {
			isa = PBXResourcesBuildPhase;
			buildActionMask = 2147483647;
			files = (
				8876E756274D2464006BDD96 /* LaunchScreen.storyboard in Resources */,
				8876E753274D2464006BDD96 /* Assets.xcassets in Resources */,
				8876E751274D2462006BDD96 /* Main.storyboard in Resources */,
			);
			runOnlyForDeploymentPostprocessing = 0;
		};
		8876E75A274D2465006BDD96 /* Resources */ = {
			isa = PBXResourcesBuildPhase;
			buildActionMask = 2147483647;
			files = (
			);
			runOnlyForDeploymentPostprocessing = 0;
		};
		8876E764274D2465006BDD96 /* Resources */ = {
			isa = PBXResourcesBuildPhase;
			buildActionMask = 2147483647;
			files = (
			);
			runOnlyForDeploymentPostprocessing = 0;
		};
/* End PBXResourcesBuildPhase section */

/* Begin PBXSourcesBuildPhase section */
		8876E742274D2462006BDD96 /* Sources */ = {
			isa = PBXSourcesBuildPhase;
			buildActionMask = 2147483647;
			files = (
				8876E74E274D2462006BDD96 /* ViewController.swift in Sources */,
				882AFF3D274D262E00F9F353 /* TableViewCell.swift in Sources */,
				8876E74A274D2462006BDD96 /* AppDelegate.swift in Sources */,
				8876E74C274D2462006BDD96 /* SceneDelegate.swift in Sources */,
			);
			runOnlyForDeploymentPostprocessing = 0;
		};
		8876E758274D2465006BDD96 /* Sources */ = {
			isa = PBXSourcesBuildPhase;
			buildActionMask = 2147483647;
			files = (
			);
			runOnlyForDeploymentPostprocessing = 0;
		};
		8876E762274D2465006BDD96 /* Sources */ = {
			isa = PBXSourcesBuildPhase;
			buildActionMask = 2147483647;
			files = (
			);
			runOnlyForDeploymentPostprocessing = 0;
		};
/* End PBXSourcesBuildPhase section */

/* Begin PBXTargetDependency section */
		8876E75E274D2465006BDD96 /* PBXTargetDependency */ = {
			isa = PBXTargetDependency;
			target = 8876E745274D2462006BDD96 /* fileManage */;
			targetProxy = 8876E75D274D2465006BDD96 /* PBXContainerItemProxy */;
		};
		8876E768274D2465006BDD96 /* PBXTargetDependency */ = {
			isa = PBXTargetDependency;
			target = 8876E745274D2462006BDD96 /* fileManage */;
			targetProxy = 8876E767274D2465006BDD96 /* PBXContainerItemProxy */;
		};
/* End PBXTargetDependency section */

/* Begin PBXVariantGroup section */
		8876E74F274D2462006BDD96 /* Main.storyboard */ = {
			isa = PBXVariantGroup;
			children = (
				8876E750274D2462006BDD96 /* Base */,
			);
			name = Main.storyboard;
			sourceTree = "<group>";
		};
		8876E754274D2464006BDD96 /* LaunchScreen.storyboard */ = {
			isa = PBXVariantGroup;
			children = (
				8876E755274D2464006BDD96 /* Base */,
			);
			name = LaunchScreen.storyboard;
			sourceTree = "<group>";
		};
/* End PBXVariantGroup section */

/* Begin XCBuildConfiguration section */
		8876E76E274D2465006BDD96 /* Debug */ = {
			isa = XCBuildConfiguration;
			buildSettings = {
				ALWAYS_SEARCH_USER_PATHS = NO;
				CLANG_ANALYZER_NONNULL = YES;
				CLANG_ANALYZER_NUMBER_OBJECT_CONVERSION = YES_AGGRESSIVE;
				CLANG_CXX_LANGUAGE_STANDARD = "gnu++17";
				CLANG_CXX_LIBRARY = "libc++";
				CLANG_ENABLE_MODULES = YES;
				CLANG_ENABLE_OBJC_ARC = YES;
				CLANG_ENABLE_OBJC_WEAK = YES;
				CLANG_WARN_BLOCK_CAPTURE_AUTORELEASING = YES;
				CLANG_WARN_BOOL_CONVERSION = YES;
				CLANG_WARN_COMMA = YES;
				CLANG_WARN_CONSTANT_CONVERSION = YES;
				CLANG_WARN_DEPRECATED_OBJC_IMPLEMENTATIONS = YES;
				CLANG_WARN_DIRECT_OBJC_ISA_USAGE = YES_ERROR;
				CLANG_WARN_DOCUMENTATION_COMMENTS = YES;
				CLANG_WARN_EMPTY_BODY = YES;
				CLANG_WARN_ENUM_CONVERSION = YES;
				CLANG_WARN_INFINITE_RECURSION = YES;
				CLANG_WARN_INT_CONVERSION = YES;
				CLANG_WARN_NON_LITERAL_NULL_CONVERSION = YES;
				CLANG_WARN_OBJC_IMPLICIT_RETAIN_SELF = YES;
				CLANG_WARN_OBJC_LITERAL_CONVERSION = YES;
				CLANG_WARN_OBJC_ROOT_CLASS = YES_ERROR;
				CLANG_WARN_QUOTED_INCLUDE_IN_FRAMEWORK_HEADER = YES;
				CLANG_WARN_RANGE_LOOP_ANALYSIS = YES;
				CLANG_WARN_STRICT_PROTOTYPES = YES;
				CLANG_WARN_SUSPICIOUS_MOVE = YES;
				CLANG_WARN_UNGUARDED_AVAILABILITY = YES_AGGRESSIVE;
				CLANG_WARN_UNREACHABLE_CODE = YES;
				CLANG_WARN__DUPLICATE_METHOD_MATCH = YES;
				COPY_PHASE_STRIP = NO;
				DEBUG_INFORMATION_FORMAT = dwarf;
				ENABLE_STRICT_OBJC_MSGSEND = YES;
				ENABLE_TESTABILITY = YES;
				GCC_C_LANGUAGE_STANDARD = gnu11;
				GCC_DYNAMIC_NO_PIC = NO;
				GCC_NO_COMMON_BLOCKS = YES;
				GCC_OPTIMIZATION_LEVEL = 0;
				GCC_PREPROCESSOR_DEFINITIONS = (
					"DEBUG=1",
					"$(inherited)",
				);
				GCC_WARN_64_TO_32_BIT_CONVERSION = YES;
				GCC_WARN_ABOUT_RETURN_TYPE = YES_ERROR;
				GCC_WARN_UNDECLARED_SELECTOR = YES;
				GCC_WARN_UNINITIALIZED_AUTOS = YES_AGGRESSIVE;
				GCC_WARN_UNUSED_FUNCTION = YES;
				GCC_WARN_UNUSED_VARIABLE = YES;
				IPHONEOS_DEPLOYMENT_TARGET = 15.0;
				MTL_ENABLE_DEBUG_INFO = INCLUDE_SOURCE;
				MTL_FAST_MATH = YES;
				ONLY_ACTIVE_ARCH = YES;
				SDKROOT = iphoneos;
				SWIFT_ACTIVE_COMPILATION_CONDITIONS = DEBUG;
				SWIFT_OPTIMIZATION_LEVEL = "-Onone";
			};
			name = Debug;
		};
		8876E76F274D2465006BDD96 /* Release */ = {
			isa = XCBuildConfiguration;
			buildSettings = {
				ALWAYS_SEARCH_USER_PATHS = NO;
				CLANG_ANALYZER_NONNULL = YES;
				CLANG_ANALYZER_NUMBER_OBJECT_CONVERSION = YES_AGGRESSIVE;
				CLANG_CXX_LANGUAGE_STANDARD = "gnu++17";
				CLANG_CXX_LIBRARY = "libc++";
				CLANG_ENABLE_MODULES = YES;
				CLANG_ENABLE_OBJC_ARC = YES;
				CLANG_ENABLE_OBJC_WEAK = YES;
				CLANG_WARN_BLOCK_CAPTURE_AUTORELEASING = YES;
				CLANG_WARN_BOOL_CONVERSION = YES;
				CLANG_WARN_COMMA = YES;
				CLANG_WARN_CONSTANT_CONVERSION = YES;
				CLANG_WARN_DEPRECATED_OBJC_IMPLEMENTATIONS = YES;
				CLANG_WARN_DIRECT_OBJC_ISA_USAGE = YES_ERROR;
				CLANG_WARN_DOCUMENTATION_COMMENTS = YES;
				CLANG_WARN_EMPTY_BODY = YES;
				CLANG_WARN_ENUM_CONVERSION = YES;
				CLANG_WARN_INFINITE_RECURSION = YES;
				CLANG_WARN_INT_CONVERSION = YES;
				CLANG_WARN_NON_LITERAL_NULL_CONVERSION = YES;
				CLANG_WARN_OBJC_IMPLICIT_RETAIN_SELF = YES;
				CLANG_WARN_OBJC_LITERAL_CONVERSION = YES;
				CLANG_WARN_OBJC_ROOT_CLASS = YES_ERROR;
				CLANG_WARN_QUOTED_INCLUDE_IN_FRAMEWORK_HEADER = YES;
				CLANG_WARN_RANGE_LOOP_ANALYSIS = YES;
				CLANG_WARN_STRICT_PROTOTYPES = YES;
				CLANG_WARN_SUSPICIOUS_MOVE = YES;
				CLANG_WARN_UNGUARDED_AVAILABILITY = YES_AGGRESSIVE;
				CLANG_WARN_UNREACHABLE_CODE = YES;
				CLANG_WARN__DUPLICATE_METHOD_MATCH = YES;
				COPY_PHASE_STRIP = NO;
				DEBUG_INFORMATION_FORMAT = "dwarf-with-dsym";
				ENABLE_NS_ASSERTIONS = NO;
				ENABLE_STRICT_OBJC_MSGSEND = YES;
				GCC_C_LANGUAGE_STANDARD = gnu11;
				GCC_NO_COMMON_BLOCKS = YES;
				GCC_WARN_64_TO_32_BIT_CONVERSION = YES;
				GCC_WARN_ABOUT_RETURN_TYPE = YES_ERROR;
				GCC_WARN_UNDECLARED_SELECTOR = YES;
				GCC_WARN_UNINITIALIZED_AUTOS = YES_AGGRESSIVE;
				GCC_WARN_UNUSED_FUNCTION = YES;
				GCC_WARN_UNUSED_VARIABLE = YES;
				IPHONEOS_DEPLOYMENT_TARGET = 15.0;
				MTL_ENABLE_DEBUG_INFO = NO;
				MTL_FAST_MATH = YES;
				SDKROOT = iphoneos;
				SWIFT_COMPILATION_MODE = wholemodule;
				SWIFT_OPTIMIZATION_LEVEL = "-O";
				VALIDATE_PRODUCT = YES;
			};
			name = Release;
		};
		8876E771274D2465006BDD96 /* Debug */ = {
			isa = XCBuildConfiguration;
			buildSettings = {
				ASSETCATALOG_COMPILER_APPICON_NAME = AppIcon;
				ASSETCATALOG_COMPILER_GLOBAL_ACCENT_COLOR_NAME = AccentColor;
				CODE_SIGN_STYLE = Automatic;
				CURRENT_PROJECT_VERSION = 1;
				GENERATE_INFOPLIST_FILE = YES;
				INFOPLIST_FILE = fileManage/Info.plist;
				INFOPLIST_KEY_UIApplicationSupportsIndirectInputEvents = YES;
				INFOPLIST_KEY_UILaunchStoryboardName = LaunchScreen;
				INFOPLIST_KEY_UIMainStoryboardFile = Main;
				INFOPLIST_KEY_UISupportedInterfaceOrientations_iPad = "UIInterfaceOrientationPortrait UIInterfaceOrientationPortraitUpsideDown UIInterfaceOrientationLandscapeLeft UIInterfaceOrientationLandscapeRight";
				INFOPLIST_KEY_UISupportedInterfaceOrientations_iPhone = "UIInterfaceOrientationPortrait UIInterfaceOrientationLandscapeLeft UIInterfaceOrientationLandscapeRight";
				LD_RUNPATH_SEARCH_PATHS = (
					"$(inherited)",
					"@executable_path/Frameworks",
				);
				MARKETING_VERSION = 1.0;
				PRODUCT_BUNDLE_IDENTIFIER = Nora.fileManage;
				PRODUCT_NAME = "$(TARGET_NAME)";
				SWIFT_EMIT_LOC_STRINGS = YES;
				SWIFT_VERSION = 5.0;
				TARGETED_DEVICE_FAMILY = "1,2";
			};
			name = Debug;
		};
		8876E772274D2465006BDD96 /* Release */ = {
			isa = XCBuildConfiguration;
			buildSettings = {
				ASSETCATALOG_COMPILER_APPICON_NAME = AppIcon;
				ASSETCATALOG_COMPILER_GLOBAL_ACCENT_COLOR_NAME = AccentColor;
				CODE_SIGN_STYLE = Automatic;
				CURRENT_PROJECT_VERSION = 1;
				GENERATE_INFOPLIST_FILE = YES;
				INFOPLIST_FILE = fileManage/Info.plist;
				INFOPLIST_KEY_UIApplicationSupportsIndirectInputEvents = YES;
				INFOPLIST_KEY_UILaunchStoryboardName = LaunchScreen;
				INFOPLIST_KEY_UIMainStoryboardFile = Main;
				INFOPLIST_KEY_UISupportedInterfaceOrientations_iPad = "UIInterfaceOrientationPortrait UIInterfaceOrientationPortraitUpsideDown UIInterfaceOrientationLandscapeLeft UIInterfaceOrientationLandscapeRight";
				INFOPLIST_KEY_UISupportedInterfaceOrientations_iPhone = "UIInterfaceOrientationPortrait UIInterfaceOrientationLandscapeLeft UIInterfaceOrientationLandscapeRight";
				LD_RUNPATH_SEARCH_PATHS = (
					"$(inherited)",
					"@executable_path/Frameworks",
				);
				MARKETING_VERSION = 1.0;
				PRODUCT_BUNDLE_IDENTIFIER = Nora.fileManage;
				PRODUCT_NAME = "$(TARGET_NAME)";
				SWIFT_EMIT_LOC_STRINGS = YES;
				SWIFT_VERSION = 5.0;
				TARGETED_DEVICE_FAMILY = "1,2";
			};
			name = Release;
		};
		8876E774274D2465006BDD96 /* Debug */ = {
			isa = XCBuildConfiguration;
			buildSettings = {
				ALWAYS_EMBED_SWIFT_STANDARD_LIBRARIES = YES;
				BUNDLE_LOADER = "$(TEST_HOST)";
				CODE_SIGN_STYLE = Automatic;
				CURRENT_PROJECT_VERSION = 1;
				GENERATE_INFOPLIST_FILE = YES;
				IPHONEOS_DEPLOYMENT_TARGET = 15.0;
				LD_RUNPATH_SEARCH_PATHS = (
					"$(inherited)",
					"@executable_path/Frameworks",
					"@loader_path/Frameworks",
				);
				MARKETING_VERSION = 1.0;
				PRODUCT_BUNDLE_IDENTIFIER = Nora.fileManageTests;
				PRODUCT_NAME = "$(TARGET_NAME)";
				SWIFT_EMIT_LOC_STRINGS = NO;
				SWIFT_VERSION = 5.0;
				TARGETED_DEVICE_FAMILY = "1,2";
				TEST_HOST = "$(BUILT_PRODUCTS_DIR)/fileManage.app/fileManage";
			};
			name = Debug;
		};
		8876E775274D2465006BDD96 /* Release */ = {
			isa = XCBuildConfiguration;
			buildSettings = {
				ALWAYS_EMBED_SWIFT_STANDARD_LIBRARIES = YES;
				BUNDLE_LOADER = "$(TEST_HOST)";
				CODE_SIGN_STYLE = Automatic;
				CURRENT_PROJECT_VERSION = 1;
				GENERATE_INFOPLIST_FILE = YES;
				IPHONEOS_DEPLOYMENT_TARGET = 15.0;
				LD_RUNPATH_SEARCH_PATHS = (
					"$(inherited)",
					"@executable_path/Frameworks",
					"@loader_path/Frameworks",
				);
				MARKETING_VERSION = 1.0;
				PRODUCT_BUNDLE_IDENTIFIER = Nora.fileManageTests;
				PRODUCT_NAME = "$(TARGET_NAME)";
				SWIFT_EMIT_LOC_STRINGS = NO;
				SWIFT_VERSION = 5.0;
				TARGETED_DEVICE_FAMILY = "1,2";
				TEST_HOST = "$(BUILT_PRODUCTS_DIR)/fileManage.app/fileManage";
			};
			name = Release;
		};
		8876E777274D2465006BDD96 /* Debug */ = {
			isa = XCBuildConfiguration;
			buildSettings = {
				ALWAYS_EMBED_SWIFT_STANDARD_LIBRARIES = YES;
				CODE_SIGN_STYLE = Automatic;
				CURRENT_PROJECT_VERSION = 1;
				GENERATE_INFOPLIST_FILE = YES;
				LD_RUNPATH_SEARCH_PATHS = (
					"$(inherited)",
					"@executable_path/Frameworks",
					"@loader_path/Frameworks",
				);
				MARKETING_VERSION = 1.0;
				PRODUCT_BUNDLE_IDENTIFIER = Nora.fileManageUITests;
				PRODUCT_NAME = "$(TARGET_NAME)";
				SWIFT_EMIT_LOC_STRINGS = NO;
				SWIFT_VERSION = 5.0;
				TARGETED_DEVICE_FAMILY = "1,2";
				TEST_TARGET_NAME = fileManage;
			};
			name = Debug;
		};
		8876E778274D2465006BDD96 /* Release */ = {
			isa = XCBuildConfiguration;
			buildSettings = {
				ALWAYS_EMBED_SWIFT_STANDARD_LIBRARIES = YES;
				CODE_SIGN_STYLE = Automatic;
				CURRENT_PROJECT_VERSION = 1;
				GENERATE_INFOPLIST_FILE = YES;
				LD_RUNPATH_SEARCH_PATHS = (
					"$(inherited)",
					"@executable_path/Frameworks",
					"@loader_path/Frameworks",
				);
				MARKETING_VERSION = 1.0;
				PRODUCT_BUNDLE_IDENTIFIER = Nora.fileManageUITests;
				PRODUCT_NAME = "$(TARGET_NAME)";
				SWIFT_EMIT_LOC_STRINGS = NO;
				SWIFT_VERSION = 5.0;
				TARGETED_DEVICE_FAMILY = "1,2";
				TEST_TARGET_NAME = fileManage;
			};
			name = Release;
		};
/* End XCBuildConfiguration section */

/* Begin XCConfigurationList section */
		8876E741274D2462006BDD96 /* Build configuration list for PBXProject "fileManage" */ = {
			isa = XCConfigurationList;
			buildConfigurations = (
				8876E76E274D2465006BDD96 /* Debug */,
				8876E76F274D2465006BDD96 /* Release */,
			);
			defaultConfigurationIsVisible = 0;
			defaultConfigurationName = Release;
		};
		8876E770274D2465006BDD96 /* Build configuration list for PBXNativeTarget "fileManage" */ = {
			isa = XCConfigurationList;
			buildConfigurations = (
				8876E771274D2465006BDD96 /* Debug */,
				8876E772274D2465006BDD96 /* Release */,
			);
			defaultConfigurationIsVisible = 0;
			defaultConfigurationName = Release;
		};
		8876E773274D2465006BDD96 /* Build configuration list for PBXNativeTarget "fileManageTests" */ = {
			isa = XCConfigurationList;
			buildConfigurations = (
				8876E774274D2465006BDD96 /* Debug */,
				8876E775274D2465006BDD96 /* Release */,
			);
			defaultConfigurationIsVisible = 0;
			defaultConfigurationName = Release;
		};
		8876E776274D2465006BDD96 /* Build configuration list for PBXNativeTarget "fileManageUITests" */ = {
			isa = XCConfigurationList;
			buildConfigurations = (
				8876E777274D2465006BDD96 /* Debug */,
				8876E778274D2465006BDD96 /* Release */,
			);
			defaultConfigurationIsVisible = 0;
			defaultConfigurationName = Release;
		};
/* End XCConfigurationList section */
	};
	rootObject = 8876E73E274D2462006BDD96 /* Project object */;
}
