// !$*UTF8*$!
{
	archiveVersion = 1;
	classes = {
	};
	objectVersion = 55;
	objects = {

/* Begin PBXBuildFile section */
		AD6F4F05274E204100AF104E /* FileCell.swift in Sources */ = {isa = PBXBuildFile; fileRef = AD6F4F04274E204100AF104E /* FileCell.swift */; };
		AD6F4F07274E251300AF104E /* FilesVC.swift in Sources */ = {isa = PBXBuildFile; fileRef = AD6F4F06274E251300AF104E /* FilesVC.swift */; };
		AD7B0052274CF59700F2761E /* AppDelegate.swift in Sources */ = {isa = PBXBuildFile; fileRef = AD7B0051274CF59700F2761E /* AppDelegate.swift */; };
		AD7B0054274CF59700F2761E /* SceneDelegate.swift in Sources */ = {isa = PBXBuildFile; fileRef = AD7B0053274CF59700F2761E /* SceneDelegate.swift */; };
		AD7B0056274CF59700F2761E /* ViewController.swift in Sources */ = {isa = PBXBuildFile; fileRef = AD7B0055274CF59700F2761E /* ViewController.swift */; };
		AD7B0059274CF59700F2761E /* Main.storyboard in Resources */ = {isa = PBXBuildFile; fileRef = AD7B0057274CF59700F2761E /* Main.storyboard */; };
		AD7B005B274CF59A00F2761E /* Assets.xcassets in Resources */ = {isa = PBXBuildFile; fileRef = AD7B005A274CF59A00F2761E /* Assets.xcassets */; };
		AD7B005E274CF59A00F2761E /* LaunchScreen.storyboard in Resources */ = {isa = PBXBuildFile; fileRef = AD7B005C274CF59A00F2761E /* LaunchScreen.storyboard */; };
		AD7B0068274D0A1900F2761E /* FolderCell.swift in Sources */ = {isa = PBXBuildFile; fileRef = AD7B0067274D0A1900F2761E /* FolderCell.swift */; };
/* End PBXBuildFile section */

/* Begin PBXFileReference section */
		AD6F4F04274E204100AF104E /* FileCell.swift */ = {isa = PBXFileReference; lastKnownFileType = sourcecode.swift; path = FileCell.swift; sourceTree = "<group>"; };
		AD6F4F06274E251300AF104E /* FilesVC.swift */ = {isa = PBXFileReference; lastKnownFileType = sourcecode.swift; path = FilesVC.swift; sourceTree = "<group>"; };
		AD7B004E274CF59700F2761E /* FileManager_Practice.app */ = {isa = PBXFileReference; explicitFileType = wrapper.application; includeInIndex = 0; path = FileManager_Practice.app; sourceTree = BUILT_PRODUCTS_DIR; };
		AD7B0051274CF59700F2761E /* AppDelegate.swift */ = {isa = PBXFileReference; lastKnownFileType = sourcecode.swift; path = AppDelegate.swift; sourceTree = "<group>"; };
		AD7B0053274CF59700F2761E /* SceneDelegate.swift */ = {isa = PBXFileReference; lastKnownFileType = sourcecode.swift; path = SceneDelegate.swift; sourceTree = "<group>"; };
		AD7B0055274CF59700F2761E /* ViewController.swift */ = {isa = PBXFileReference; lastKnownFileType = sourcecode.swift; path = ViewController.swift; sourceTree = "<group>"; };
		AD7B0058274CF59700F2761E /* Base */ = {isa = PBXFileReference; lastKnownFileType = file.storyboard; name = Base; path = Base.lproj/Main.storyboard; sourceTree = "<group>"; };
		AD7B005A274CF59A00F2761E /* Assets.xcassets */ = {isa = PBXFileReference; lastKnownFileType = folder.assetcatalog; path = Assets.xcassets; sourceTree = "<group>"; };
		AD7B005D274CF59A00F2761E /* Base */ = {isa = PBXFileReference; lastKnownFileType = file.storyboard; name = Base; path = Base.lproj/LaunchScreen.storyboard; sourceTree = "<group>"; };
		AD7B005F274CF59A00F2761E /* Info.plist */ = {isa = PBXFileReference; lastKnownFileType = text.plist.xml; path = Info.plist; sourceTree = "<group>"; };
		AD7B0067274D0A1900F2761E /* FolderCell.swift */ = {isa = PBXFileReference; lastKnownFileType = sourcecode.swift; path = FolderCell.swift; sourceTree = "<group>"; };
/* End PBXFileReference section */

/* Begin PBXFrameworksBuildPhase section */
		AD7B004B274CF59700F2761E /* Frameworks */ = {
			isa = PBXFrameworksBuildPhase;
			buildActionMask = 2147483647;
			files = (
			);
			runOnlyForDeploymentPostprocessing = 0;
		};
/* End PBXFrameworksBuildPhase section */

/* Begin PBXGroup section */
		AD7B0045274CF59700F2761E = {
			isa = PBXGroup;
			children = (
				AD7B0050274CF59700F2761E /* FileManager_Practice */,
				AD7B004F274CF59700F2761E /* Products */,
			);
			sourceTree = "<group>";
		};
		AD7B004F274CF59700F2761E /* Products */ = {
			isa = PBXGroup;
			children = (
				AD7B004E274CF59700F2761E /* FileManager_Practice.app */,
			);
			name = Products;
			sourceTree = "<group>";
		};
		AD7B0050274CF59700F2761E /* FileManager_Practice */ = {
			isa = PBXGroup;
			children = (
				AD7B0051274CF59700F2761E /* AppDelegate.swift */,
				AD7B0053274CF59700F2761E /* SceneDelegate.swift */,
				AD7B0055274CF59700F2761E /* ViewController.swift */,
				AD7B0057274CF59700F2761E /* Main.storyboard */,
				AD7B005A274CF59A00F2761E /* Assets.xcassets */,
				AD7B005C274CF59A00F2761E /* LaunchScreen.storyboard */,
				AD7B005F274CF59A00F2761E /* Info.plist */,
				AD7B0067274D0A1900F2761E /* FolderCell.swift */,
				AD6F4F04274E204100AF104E /* FileCell.swift */,
				AD6F4F06274E251300AF104E /* FilesVC.swift */,
			);
			path = FileManager_Practice;
			sourceTree = "<group>";
		};
/* End PBXGroup section */

/* Begin PBXNativeTarget section */
		AD7B004D274CF59700F2761E /* FileManager_Practice */ = {
			isa = PBXNativeTarget;
			buildConfigurationList = AD7B0062274CF59A00F2761E /* Build configuration list for PBXNativeTarget "FileManager_Practice" */;
			buildPhases = (
				AD7B004A274CF59700F2761E /* Sources */,
				AD7B004B274CF59700F2761E /* Frameworks */,
				AD7B004C274CF59700F2761E /* Resources */,
			);
			buildRules = (
			);
			dependencies = (
			);
			name = FileManager_Practice;
			productName = FileManager_Practice;
			productReference = AD7B004E274CF59700F2761E /* FileManager_Practice.app */;
			productType = "com.apple.product-type.application";
		};
/* End PBXNativeTarget section */

/* Begin PBXProject section */
		AD7B0046274CF59700F2761E /* Project object */ = {
			isa = PBXProject;
			attributes = {
				BuildIndependentTargetsInParallel = 1;
				LastSwiftUpdateCheck = 1310;
				LastUpgradeCheck = 1310;
				TargetAttributes = {
					AD7B004D274CF59700F2761E = {
						CreatedOnToolsVersion = 13.1;
					};
				};
			};
			buildConfigurationList = AD7B0049274CF59700F2761E /* Build configuration list for PBXProject "FileManager_Practice" */;
			compatibilityVersion = "Xcode 13.0";
			developmentRegion = en;
			hasScannedForEncodings = 0;
			knownRegions = (
				en,
				Base,
			);
			mainGroup = AD7B0045274CF59700F2761E;
			productRefGroup = AD7B004F274CF59700F2761E /* Products */;
			projectDirPath = "";
			projectRoot = "";
			targets = (
				AD7B004D274CF59700F2761E /* FileManager_Practice */,
			);
		};
/* End PBXProject section */

/* Begin PBXResourcesBuildPhase section */
		AD7B004C274CF59700F2761E /* Resources */ = {
			isa = PBXResourcesBuildPhase;
			buildActionMask = 2147483647;
			files = (
				AD7B005E274CF59A00F2761E /* LaunchScreen.storyboard in Resources */,
				AD7B005B274CF59A00F2761E /* Assets.xcassets in Resources */,
				AD7B0059274CF59700F2761E /* Main.storyboard in Resources */,
			);
			runOnlyForDeploymentPostprocessing = 0;
		};
/* End PBXResourcesBuildPhase section */

/* Begin PBXSourcesBuildPhase section */
		AD7B004A274CF59700F2761E /* Sources */ = {
			isa = PBXSourcesBuildPhase;
			buildActionMask = 2147483647;
			files = (
				AD6F4F07274E251300AF104E /* FilesVC.swift in Sources */,
				AD7B0056274CF59700F2761E /* ViewController.swift in Sources */,
				AD7B0068274D0A1900F2761E /* FolderCell.swift in Sources */,
				AD6F4F05274E204100AF104E /* FileCell.swift in Sources */,
				AD7B0052274CF59700F2761E /* AppDelegate.swift in Sources */,
				AD7B0054274CF59700F2761E /* SceneDelegate.swift in Sources */,
			);
			runOnlyForDeploymentPostprocessing = 0;
		};
/* End PBXSourcesBuildPhase section */

/* Begin PBXVariantGroup section */
		AD7B0057274CF59700F2761E /* Main.storyboard */ = {
			isa = PBXVariantGroup;
			children = (
				AD7B0058274CF59700F2761E /* Base */,
			);
			name = Main.storyboard;
			sourceTree = "<group>";
		};
		AD7B005C274CF59A00F2761E /* LaunchScreen.storyboard */ = {
			isa = PBXVariantGroup;
			children = (
				AD7B005D274CF59A00F2761E /* Base */,
			);
			name = LaunchScreen.storyboard;
			sourceTree = "<group>";
		};
/* End PBXVariantGroup section */

/* Begin XCBuildConfiguration section */
		AD7B0060274CF59A00F2761E /* Debug */ = {
			isa = XCBuildConfiguration;
			buildSettings = {
				ALWAYS_SEARCH_USER_PATHS = NO;
				CLANG_ANALYZER_NONNULL = YES;
				CLANG_ANALYZER_NUMBER_OBJECT_CONVERSION = YES_AGGRESSIVE;
				CLANG_CXX_LANGUAGE_STANDARD = "gnu++17";
				CLANG_CXX_LIBRARY = "libc++";
				CLANG_ENABLE_MODULES = YES;
				CLANG_ENABLE_OBJC_ARC = YES;
				CLANG_ENABLE_OBJC_WEAK = YES;
				CLANG_WARN_BLOCK_CAPTURE_AUTORELEASING = YES;
				CLANG_WARN_BOOL_CONVERSION = YES;
				CLANG_WARN_COMMA = YES;
				CLANG_WARN_CONSTANT_CONVERSION = YES;
				CLANG_WARN_DEPRECATED_OBJC_IMPLEMENTATIONS = YES;
				CLANG_WARN_DIRECT_OBJC_ISA_USAGE = YES_ERROR;
				CLANG_WARN_DOCUMENTATION_COMMENTS = YES;
				CLANG_WARN_EMPTY_BODY = YES;
				CLANG_WARN_ENUM_CONVERSION = YES;
				CLANG_WARN_INFINITE_RECURSION = YES;
				CLANG_WARN_INT_CONVERSION = YES;
				CLANG_WARN_NON_LITERAL_NULL_CONVERSION = YES;
				CLANG_WARN_OBJC_IMPLICIT_RETAIN_SELF = YES;
				CLANG_WARN_OBJC_LITERAL_CONVERSION = YES;
				CLANG_WARN_OBJC_ROOT_CLASS = YES_ERROR;
				CLANG_WARN_QUOTED_INCLUDE_IN_FRAMEWORK_HEADER = YES;
				CLANG_WARN_RANGE_LOOP_ANALYSIS = YES;
				CLANG_WARN_STRICT_PROTOTYPES = YES;
				CLANG_WARN_SUSPICIOUS_MOVE = YES;
				CLANG_WARN_UNGUARDED_AVAILABILITY = YES_AGGRESSIVE;
				CLANG_WARN_UNREACHABLE_CODE = YES;
				CLANG_WARN__DUPLICATE_METHOD_MATCH = YES;
				COPY_PHASE_STRIP = NO;
				DEBUG_INFORMATION_FORMAT = dwarf;
				ENABLE_STRICT_OBJC_MSGSEND = YES;
				ENABLE_TESTABILITY = YES;
				GCC_C_LANGUAGE_STANDARD = gnu11;
				GCC_DYNAMIC_NO_PIC = NO;
				GCC_NO_COMMON_BLOCKS = YES;
				GCC_OPTIMIZATION_LEVEL = 0;
				GCC_PREPROCESSOR_DEFINITIONS = (
					"DEBUG=1",
					"$(inherited)",
				);
				GCC_WARN_64_TO_32_BIT_CONVERSION = YES;
				GCC_WARN_ABOUT_RETURN_TYPE = YES_ERROR;
				GCC_WARN_UNDECLARED_SELECTOR = YES;
				GCC_WARN_UNINITIALIZED_AUTOS = YES_AGGRESSIVE;
				GCC_WARN_UNUSED_FUNCTION = YES;
				GCC_WARN_UNUSED_VARIABLE = YES;
				IPHONEOS_DEPLOYMENT_TARGET = 15.0;
				MTL_ENABLE_DEBUG_INFO = INCLUDE_SOURCE;
				MTL_FAST_MATH = YES;
				ONLY_ACTIVE_ARCH = YES;
				SDKROOT = iphoneos;
				SWIFT_ACTIVE_COMPILATION_CONDITIONS = DEBUG;
				SWIFT_OPTIMIZATION_LEVEL = "-Onone";
			};
			name = Debug;
		};
		AD7B0061274CF59A00F2761E /* Release */ = {
			isa = XCBuildConfiguration;
			buildSettings = {
				ALWAYS_SEARCH_USER_PATHS = NO;
				CLANG_ANALYZER_NONNULL = YES;
				CLANG_ANALYZER_NUMBER_OBJECT_CONVERSION = YES_AGGRESSIVE;
				CLANG_CXX_LANGUAGE_STANDARD = "gnu++17";
				CLANG_CXX_LIBRARY = "libc++";
				CLANG_ENABLE_MODULES = YES;
				CLANG_ENABLE_OBJC_ARC = YES;
				CLANG_ENABLE_OBJC_WEAK = YES;
				CLANG_WARN_BLOCK_CAPTURE_AUTORELEASING = YES;
				CLANG_WARN_BOOL_CONVERSION = YES;
				CLANG_WARN_COMMA = YES;
				CLANG_WARN_CONSTANT_CONVERSION = YES;
				CLANG_WARN_DEPRECATED_OBJC_IMPLEMENTATIONS = YES;
				CLANG_WARN_DIRECT_OBJC_ISA_USAGE = YES_ERROR;
				CLANG_WARN_DOCUMENTATION_COMMENTS = YES;
				CLANG_WARN_EMPTY_BODY = YES;
				CLANG_WARN_ENUM_CONVERSION = YES;
				CLANG_WARN_INFINITE_RECURSION = YES;
				CLANG_WARN_INT_CONVERSION = YES;
				CLANG_WARN_NON_LITERAL_NULL_CONVERSION = YES;
				CLANG_WARN_OBJC_IMPLICIT_RETAIN_SELF = YES;
				CLANG_WARN_OBJC_LITERAL_CONVERSION = YES;
				CLANG_WARN_OBJC_ROOT_CLASS = YES_ERROR;
				CLANG_WARN_QUOTED_INCLUDE_IN_FRAMEWORK_HEADER = YES;
				CLANG_WARN_RANGE_LOOP_ANALYSIS = YES;
				CLANG_WARN_STRICT_PROTOTYPES = YES;
				CLANG_WARN_SUSPICIOUS_MOVE = YES;
				CLANG_WARN_UNGUARDED_AVAILABILITY = YES_AGGRESSIVE;
				CLANG_WARN_UNREACHABLE_CODE = YES;
				CLANG_WARN__DUPLICATE_METHOD_MATCH = YES;
				COPY_PHASE_STRIP = NO;
				DEBUG_INFORMATION_FORMAT = "dwarf-with-dsym";
				ENABLE_NS_ASSERTIONS = NO;
				ENABLE_STRICT_OBJC_MSGSEND = YES;
				GCC_C_LANGUAGE_STANDARD = gnu11;
				GCC_NO_COMMON_BLOCKS = YES;
				GCC_WARN_64_TO_32_BIT_CONVERSION = YES;
				GCC_WARN_ABOUT_RETURN_TYPE = YES_ERROR;
				GCC_WARN_UNDECLARED_SELECTOR = YES;
				GCC_WARN_UNINITIALIZED_AUTOS = YES_AGGRESSIVE;
				GCC_WARN_UNUSED_FUNCTION = YES;
				GCC_WARN_UNUSED_VARIABLE = YES;
				IPHONEOS_DEPLOYMENT_TARGET = 15.0;
				MTL_ENABLE_DEBUG_INFO = NO;
				MTL_FAST_MATH = YES;
				SDKROOT = iphoneos;
				SWIFT_COMPILATION_MODE = wholemodule;
				SWIFT_OPTIMIZATION_LEVEL = "-O";
				VALIDATE_PRODUCT = YES;
			};
			name = Release;
		};
		AD7B0063274CF59A00F2761E /* Debug */ = {
			isa = XCBuildConfiguration;
			buildSettings = {
				ASSETCATALOG_COMPILER_APPICON_NAME = AppIcon;
				ASSETCATALOG_COMPILER_GLOBAL_ACCENT_COLOR_NAME = AccentColor;
				CODE_SIGN_STYLE = Automatic;
				CURRENT_PROJECT_VERSION = 1;
				GENERATE_INFOPLIST_FILE = YES;
				INFOPLIST_FILE = FileManager_Practice/Info.plist;
				INFOPLIST_KEY_UIApplicationSupportsIndirectInputEvents = YES;
				INFOPLIST_KEY_UILaunchStoryboardName = LaunchScreen;
				INFOPLIST_KEY_UIMainStoryboardFile = Main;
				INFOPLIST_KEY_UISupportedInterfaceOrientations_iPad = "UIInterfaceOrientationPortrait UIInterfaceOrientationPortraitUpsideDown UIInterfaceOrientationLandscapeLeft UIInterfaceOrientationLandscapeRight";
				INFOPLIST_KEY_UISupportedInterfaceOrientations_iPhone = "UIInterfaceOrientationPortrait UIInterfaceOrientationLandscapeLeft UIInterfaceOrientationLandscapeRight";
				LD_RUNPATH_SEARCH_PATHS = (
					"$(inherited)",
					"@executable_path/Frameworks",
				);
				MARKETING_VERSION = 1.0;
				PRODUCT_BUNDLE_IDENTIFIER = "-.FileManager-Practice";
				PRODUCT_NAME = "$(TARGET_NAME)";
				SWIFT_EMIT_LOC_STRINGS = YES;
				SWIFT_VERSION = 5.0;
				TARGETED_DEVICE_FAMILY = "1,2";
			};
			name = Debug;
		};
		AD7B0064274CF59A00F2761E /* Release */ = {
			isa = XCBuildConfiguration;
			buildSettings = {
				ASSETCATALOG_COMPILER_APPICON_NAME = AppIcon;
				ASSETCATALOG_COMPILER_GLOBAL_ACCENT_COLOR_NAME = AccentColor;
				CODE_SIGN_STYLE = Automatic;
				CURRENT_PROJECT_VERSION = 1;
				GENERATE_INFOPLIST_FILE = YES;
				INFOPLIST_FILE = FileManager_Practice/Info.plist;
				INFOPLIST_KEY_UIApplicationSupportsIndirectInputEvents = YES;
				INFOPLIST_KEY_UILaunchStoryboardName = LaunchScreen;
				INFOPLIST_KEY_UIMainStoryboardFile = Main;
				INFOPLIST_KEY_UISupportedInterfaceOrientations_iPad = "UIInterfaceOrientationPortrait UIInterfaceOrientationPortraitUpsideDown UIInterfaceOrientationLandscapeLeft UIInterfaceOrientationLandscapeRight";
				INFOPLIST_KEY_UISupportedInterfaceOrientations_iPhone = "UIInterfaceOrientationPortrait UIInterfaceOrientationLandscapeLeft UIInterfaceOrientationLandscapeRight";
				LD_RUNPATH_SEARCH_PATHS = (
					"$(inherited)",
					"@executable_path/Frameworks",
				);
				MARKETING_VERSION = 1.0;
				PRODUCT_BUNDLE_IDENTIFIER = "-.FileManager-Practice";
				PRODUCT_NAME = "$(TARGET_NAME)";
				SWIFT_EMIT_LOC_STRINGS = YES;
				SWIFT_VERSION = 5.0;
				TARGETED_DEVICE_FAMILY = "1,2";
			};
			name = Release;
		};
/* End XCBuildConfiguration section */

/* Begin XCConfigurationList section */
		AD7B0049274CF59700F2761E /* Build configuration list for PBXProject "FileManager_Practice" */ = {
			isa = XCConfigurationList;
			buildConfigurations = (
				AD7B0060274CF59A00F2761E /* Debug */,
				AD7B0061274CF59A00F2761E /* Release */,
			);
			defaultConfigurationIsVisible = 0;
			defaultConfigurationName = Release;
		};
		AD7B0062274CF59A00F2761E /* Build configuration list for PBXNativeTarget "FileManager_Practice" */ = {
			isa = XCConfigurationList;
			buildConfigurations = (
				AD7B0063274CF59A00F2761E /* Debug */,
				AD7B0064274CF59A00F2761E /* Release */,
			);
			defaultConfigurationIsVisible = 0;
			defaultConfigurationName = Release;
		};
/* End XCConfigurationList section */
	};
	rootObject = AD7B0046274CF59700F2761E /* Project object */;
}
